
Microsoft Visual Studio Solution File, Format Version 12.00
# Visual Studio Version 16
VisualStudioVersion = 16.0.30804.86
MinimumVisualStudioVersion = 10.0.40219.1
Project("{9A19103F-16F7-4668-BE54-9A1E7A4F7556}") = "ProgrammersBlog.Data", "ProgrammersBlog.Data\ProgrammersBlog.Data.csproj", "{B0DC138D-AFA1-4EAD-87F2-1C9936DD900E}"
EndProject
Project("{9A19103F-16F7-4668-BE54-9A1E7A4F7556}") = "ProgrammersBlog.Shared", "ProgrammersBlog.Shared\ProgrammersBlog.Shared.csproj", "{29FAEB95-8DDA-4AD4-AB42-449EC054A6F0}"
EndProject
Project("{9A19103F-16F7-4668-BE54-9A1E7A4F7556}") = "ProgrammersBlog.Entities", "ProgrammersBlog.Entities\ProgrammersBlog.Entities.csproj", "{65E82DB1-0E9D-4140-B00E-DEF675BCF828}"
EndProject
Project("{9A19103F-16F7-4668-BE54-9A1E7A4F7556}") = "ProgrammersBlog.Services", "ProgrammersBlog.Services\ProgrammersBlog.Services.csproj", "{1C4CF25C-2683-4FCB-A232-8274D7D29C03}"
EndProject
Project("{9A19103F-16F7-4668-BE54-9A1E7A4F7556}") = "ProgrammersBlog.Mvc", "ProgrammersBlog.Mvc\ProgrammersBlog.Mvc.csproj", "{A067CCD1-AB09-402A-884C-C1C72788158E}"
EndProject
Project("{2150E333-8FDC-42A3-9474-1A3956D46DE8}") = "Notlar", "Notlar", "{303354F9-FB24-4AB2-8FEC-3C2A992A7EBF}"
	ProjectSection(SolutionItems) = preProject
		notlarim.txt = notlarim.txt
	EndProjectSection
EndProject
Global
	GlobalSection(SolutionConfigurationPlatforms) = preSolution
		Debug|Any CPU = Debug|Any CPU
		Release|Any CPU = Release|Any CPU
	EndGlobalSection
	GlobalSection(ProjectConfigurationPlatforms) = postSolution
		{B0DC138D-AFA1-4EAD-87F2-1C9936DD900E}.Debug|Any CPU.ActiveCfg = Debug|Any CPU
		{B0DC138D-AFA1-4EAD-87F2-1C9936DD900E}.Debug|Any CPU.Build.0 = Debug|Any CPU
		{B0DC138D-AFA1-4EAD-87F2-1C9936DD900E}.Release|Any CPU.ActiveCfg = Release|Any CPU
		{B0DC138D-AFA1-4EAD-87F2-1C9936DD900E}.Release|Any CPU.Build.0 = Release|Any CPU
		{29FAEB95-8DDA-4AD4-AB42-449EC054A6F0}.Debug|Any CPU.ActiveCfg = Debug|Any CPU
		{29FAEB95-8DDA-4AD4-AB42-449EC054A6F0}.Debug|Any CPU.Build.0 = Debug|Any CPU
		{29FAEB95-8DDA-4AD4-AB42-449EC054A6F0}.Release|Any CPU.ActiveCfg = Release|Any CPU
		{29FAEB95-8DDA-4AD4-AB42-449EC054A6F0}.Release|Any CPU.Build.0 = Release|Any CPU
		{65E82DB1-0E9D-4140-B00E-DEF675BCF828}.Debug|Any CPU.ActiveCfg = Debug|Any CPU
		{65E82DB1-0E9D-4140-B00E-DEF675BCF828}.Debug|Any CPU.Build.0 = Debug|Any CPU
		{65E82DB1-0E9D-4140-B00E-DEF675BCF828}.Release|Any CPU.ActiveCfg = Release|Any CPU
		{65E82DB1-0E9D-4140-B00E-DEF675BCF828}.Release|Any CPU.Build.0 = Release|Any CPU
		{1C4CF25C-2683-4FCB-A232-8274D7D29C03}.Debug|Any CPU.ActiveCfg = Debug|Any CPU
		{1C4CF25C-2683-4FCB-A232-8274D7D29C03}.Debug|Any CPU.Build.0 = Debug|Any CPU
		{1C4CF25C-2683-4FCB-A232-8274D7D29C03}.Release|Any CPU.ActiveCfg = Release|Any CPU
		{1C4CF25C-2683-4FCB-A232-8274D7D29C03}.Release|Any CPU.Build.0 = Release|Any CPU
		{A067CCD1-AB09-402A-884C-C1C72788158E}.Debug|Any CPU.ActiveCfg = Debug|Any CPU
		{A067CCD1-AB09-402A-884C-C1C72788158E}.Debug|Any CPU.Build.0 = Debug|Any CPU
		{A067CCD1-AB09-402A-884C-C1C72788158E}.Release|Any CPU.ActiveCfg = Release|Any CPU
		{A067CCD1-AB09-402A-884C-C1C72788158E}.Release|Any CPU.Build.0 = Release|Any CPU
	EndGlobalSection
	GlobalSection(SolutionProperties) = preSolution
		HideSolutionNode = FALSE
	EndGlobalSection
	GlobalSection(ExtensibilityGlobals) = postSolution
		SolutionGuid = {91F88EB7-99A6-4A23-8006-1E1031D73491}
	EndGlobalSection
EndGlobal
